<?xml version="1.0" encoding="utf-8"?>
<Project ToolsVersion="4.0" xmlns="http://schemas.microsoft.com/developer/msbuild/2003">
  <ItemGroup>
    <Filter Include="config">
      <UniqueIdentifier>{d7fb230f-cefd-47ba-97cd-ff65fd2906be}</UniqueIdentifier>
    </Filter>
    <Filter Include="network">
      <UniqueIdentifier>{40c6f777-dadb-49fb-a4e9-fb6d36792fa7}</UniqueIdentifier>
    </Filter>
    <Filter Include="engine">
      <UniqueIdentifier>{626976ee-75dc-4e77-bf06-ff2b80a4e4c9}</UniqueIdentifier>
    </Filter>
    <Filter Include="customDataType">
      <UniqueIdentifier>{47236b31-b8e5-4201-9149-9147c40afd2b}</UniqueIdentifier>
    </Filter>
    <Filter Include="utility">
      <UniqueIdentifier>{132f1486-e498-4de1-bc19-40407a159488}</UniqueIdentifier>
    </Filter>
    <Filter Include="memdb">
      <UniqueIdentifier>{a70b009d-9092-442e-8381-bcbc1d397748}</UniqueIdentifier>
    </Filter>
  </ItemGroup>
  <ItemGroup>
    <ClCompile Include="config\config.cpp">
      <Filter>config</Filter>
    </ClCompile>
    <ClCompile Include="network\ioContextPool.cpp">
      <Filter>network</Filter>
    </ClCompile>
    <ClCompile Include="engine\kernelEngine.cpp">
      <Filter>engine</Filter>
    </ClCompile>
    <ClCompile Include="network\ftdEngine.cpp">
      <Filter>network</Filter>
    </ClCompile>
    <ClCompile Include="network\FTDCPackage.cpp">
      <Filter>network</Filter>
    </ClCompile>
    <ClCompile Include="main.cpp" />
    <ClCompile Include="memdb\memoryDB.cpp">
      <Filter>memdb</Filter>
    </ClCompile>
    <ClCompile Include="memdb\Tables.cpp">
      <Filter>memdb</Filter>
    </ClCompile>
    <ClCompile Include="memdb\RecordStruct.cpp">
      <Filter>memdb</Filter>
    </ClCompile>
  </ItemGroup>
  <ItemGroup>
    <ClInclude Include="config\config.h">
      <Filter>config</Filter>
    </ClInclude>
    <ClInclude Include="network\ioContextPool.h">
      <Filter>network</Filter>
    </ClInclude>
    <ClInclude Include="engine\kernelEngine.h">
      <Filter>engine</Filter>
    </ClInclude>
    <ClInclude Include="network\threadBasePool.h">
      <Filter>network</Filter>
    </ClInclude>
    <ClInclude Include="network\ftdEngine.h">
      <Filter>network</Filter>
    </ClInclude>
    <ClInclude Include="network\sessionInfoManager.h">
      <Filter>network</Filter>
    </ClInclude>
    <ClInclude Include="customDataType\customDataType.h">
      <Filter>customDataType</Filter>
    </ClInclude>
    <ClInclude Include="network\FTDCPackage.h">
      <Filter>network</Filter>
    </ClInclude>
    <ClInclude Include="utility\str_for_multi_index.h">
      <Filter>utility</Filter>
    </ClInclude>
    <ClInclude Include="utility\type_dec.h">
      <Filter>utility</Filter>
    </ClInclude>
    <ClInclude Include="memdb\memoryDB.h">
      <Filter>memdb</Filter>
    </ClInclude>
    <ClInclude Include="memdb\Tables.h">
      <Filter>memdb</Filter>
    </ClInclude>
    <ClInclude Include="memdb\OutputTable.h">
      <Filter>memdb</Filter>
    </ClInclude>
    <ClInclude Include="memdb\mem_mi_table.h">
      <Filter>memdb</Filter>
    </ClInclude>
    <ClInclude Include="memdb\table_base.h">
      <Filter>memdb</Filter>
    </ClInclude>
    <ClInclude Include="memdb\transaction.h">
      <Filter>memdb</Filter>
    </ClInclude>
    <ClInclude Include="memdb\RecordStruct.h">
      <Filter>memdb</Filter>
    </ClInclude>
    <ClInclude Include="network\field_describe.h">
      <Filter>network</Filter>
    </ClInclude>
    <ClInclude Include="network\Endian.h">
      <Filter>network</Filter>
    </ClInclude>
    <ClInclude Include="memdb\RecordIndexCont.h">
      <Filter>memdb</Filter>
    </ClInclude>
    <ClInclude Include="utility\compare.h">
      <Filter>utility</Filter>
    </ClInclude>
  </ItemGroup>
</Project>