<?xml version="1.0" encoding="utf-8"?>
<Project ToolsVersion="4.0" xmlns="http://schemas.microsoft.com/developer/msbuild/2003">
  <ItemGroup>
    <Filter Include="config">
      <UniqueIdentifier>{d7fb230f-cefd-47ba-97cd-ff65fd2906be}</UniqueIdentifier>
    </Filter>
    <Filter Include="network">
      <UniqueIdentifier>{40c6f777-dadb-49fb-a4e9-fb6d36792fa7}</UniqueIdentifier>
    </Filter>
    <Filter Include="engine">
      <UniqueIdentifier>{626976ee-75dc-4e77-bf06-ff2b80a4e4c9}</UniqueIdentifier>
    </Filter>
    <Filter Include="customDataType">
      <UniqueIdentifier>{47236b31-b8e5-4201-9149-9147c40afd2b}</UniqueIdentifier>
    </Filter>
    <Filter Include="utility">
      <UniqueIdentifier>{132f1486-e498-4de1-bc19-40407a159488}</UniqueIdentifier>
    </Filter>
    <Filter Include="memdb">
      <UniqueIdentifier>{a70b009d-9092-442e-8381-bcbc1d397748}</UniqueIdentifier>
    </Filter>
    <Filter Include="spdlog">
      <UniqueIdentifier>{8b2aab19-c78e-428c-9e04-21074663d969}</UniqueIdentifier>
    </Filter>
    <Filter Include="spdlog\contrib">
      <UniqueIdentifier>{a8219a02-ba57-447a-ae92-fabe1a849951}</UniqueIdentifier>
    </Filter>
    <Filter Include="spdlog\contrib\sinks">
      <UniqueIdentifier>{f6e78f9f-1907-4613-87da-d225259bf466}</UniqueIdentifier>
    </Filter>
    <Filter Include="spdlog\details">
      <UniqueIdentifier>{b778810a-5a71-476f-94de-932c63d7f96c}</UniqueIdentifier>
    </Filter>
    <Filter Include="spdlog\fmt">
      <UniqueIdentifier>{2f0b94f4-79b4-41dd-90cd-5fbab4641b5a}</UniqueIdentifier>
    </Filter>
    <Filter Include="spdlog\fmt\bundled">
      <UniqueIdentifier>{e4a6a2be-223b-426c-a261-0ffa197609cc}</UniqueIdentifier>
    </Filter>
    <Filter Include="spdlog\sinks">
      <UniqueIdentifier>{69820c5c-5c79-4c95-997b-60ed81a3f3d6}</UniqueIdentifier>
    </Filter>
    <Filter Include="log">
      <UniqueIdentifier>{86fb974b-7c02-4f6c-ad9c-3e6fff0d2656}</UniqueIdentifier>
    </Filter>
  </ItemGroup>
  <ItemGroup>
    <ClCompile Include="config\config.cpp">
      <Filter>config</Filter>
    </ClCompile>
    <ClCompile Include="network\ioContextPool.cpp">
      <Filter>network</Filter>
    </ClCompile>
    <ClCompile Include="engine\kernelEngine.cpp">
      <Filter>engine</Filter>
    </ClCompile>
    <ClCompile Include="network\ftdEngine.cpp">
      <Filter>network</Filter>
    </ClCompile>
    <ClCompile Include="network\FTDCPackage.cpp">
      <Filter>network</Filter>
    </ClCompile>
    <ClCompile Include="main.cpp" />
    <ClCompile Include="memdb\memoryDB.cpp">
      <Filter>memdb</Filter>
    </ClCompile>
    <ClCompile Include="memdb\Tables.cpp">
      <Filter>memdb</Filter>
    </ClCompile>
    <ClCompile Include="memdb\RecordStruct.cpp">
      <Filter>memdb</Filter>
    </ClCompile>
    <ClCompile Include="memdb\ProcessCSVTable.cpp">
      <Filter>memdb</Filter>
    </ClCompile>
    <ClCompile Include="config\configManager.cpp">
      <Filter>config</Filter>
    </ClCompile>
    <ClCompile Include="log\logger.cpp">
      <Filter>log</Filter>
    </ClCompile>
    <ClCompile Include="spdlog\fmt\bundled\format.cc">
      <Filter>spdlog\fmt\bundled</Filter>
    </ClCompile>
    <ClCompile Include="spdlog\fmt\bundled\ostream.cc">
      <Filter>spdlog\fmt\bundled</Filter>
    </ClCompile>
    <ClCompile Include="spdlog\fmt\bundled\posix.cc">
      <Filter>spdlog\fmt\bundled</Filter>
    </ClCompile>
    <ClCompile Include="spdlog\fmt\bundled\printf.cc">
      <Filter>spdlog\fmt\bundled</Filter>
    </ClCompile>
  </ItemGroup>
  <ItemGroup>
    <ClInclude Include="config\config.h">
      <Filter>config</Filter>
    </ClInclude>
    <ClInclude Include="network\ioContextPool.h">
      <Filter>network</Filter>
    </ClInclude>
    <ClInclude Include="engine\kernelEngine.h">
      <Filter>engine</Filter>
    </ClInclude>
    <ClInclude Include="network\threadBasePool.h">
      <Filter>network</Filter>
    </ClInclude>
    <ClInclude Include="network\ftdEngine.h">
      <Filter>network</Filter>
    </ClInclude>
    <ClInclude Include="network\sessionInfoManager.h">
      <Filter>network</Filter>
    </ClInclude>
    <ClInclude Include="customDataType\customDataType.h">
      <Filter>customDataType</Filter>
    </ClInclude>
    <ClInclude Include="network\FTDCPackage.h">
      <Filter>network</Filter>
    </ClInclude>
    <ClInclude Include="utility\str_for_multi_index.h">
      <Filter>utility</Filter>
    </ClInclude>
    <ClInclude Include="utility\type_dec.h">
      <Filter>utility</Filter>
    </ClInclude>
    <ClInclude Include="memdb\memoryDB.h">
      <Filter>memdb</Filter>
    </ClInclude>
    <ClInclude Include="memdb\Tables.h">
      <Filter>memdb</Filter>
    </ClInclude>
    <ClInclude Include="memdb\OutputTable.h">
      <Filter>memdb</Filter>
    </ClInclude>
    <ClInclude Include="memdb\mem_mi_table.h">
      <Filter>memdb</Filter>
    </ClInclude>
    <ClInclude Include="memdb\table_base.h">
      <Filter>memdb</Filter>
    </ClInclude>
    <ClInclude Include="memdb\transaction.h">
      <Filter>memdb</Filter>
    </ClInclude>
    <ClInclude Include="memdb\RecordStruct.h">
      <Filter>memdb</Filter>
    </ClInclude>
    <ClInclude Include="network\field_describe.h">
      <Filter>network</Filter>
    </ClInclude>
    <ClInclude Include="network\Endian.h">
      <Filter>network</Filter>
    </ClInclude>
    <ClInclude Include="memdb\RecordIndexCont.h">
      <Filter>memdb</Filter>
    </ClInclude>
    <ClInclude Include="utility\compare.h">
      <Filter>utility</Filter>
    </ClInclude>
    <ClInclude Include="utility\mpath.h">
      <Filter>utility</Filter>
    </ClInclude>
    <ClInclude Include="memdb\ProcessCSVTable.h">
      <Filter>memdb</Filter>
    </ClInclude>
    <ClInclude Include="utility\str_for_mi.h">
      <Filter>utility</Filter>
    </ClInclude>
    <ClInclude Include="config\configManager.h">
      <Filter>config</Filter>
    </ClInclude>
    <ClInclude Include="log\logger.h">
      <Filter>log</Filter>
    </ClInclude>
    <ClInclude Include="spdlog\contrib\sinks\step_file_sink.h">
      <Filter>spdlog\contrib\sinks</Filter>
    </ClInclude>
    <ClInclude Include="spdlog\details\async_log_helper.h">
      <Filter>spdlog\details</Filter>
    </ClInclude>
    <ClInclude Include="spdlog\details\async_logger_impl.h">
      <Filter>spdlog\details</Filter>
    </ClInclude>
    <ClInclude Include="spdlog\details\file_helper.h">
      <Filter>spdlog\details</Filter>
    </ClInclude>
    <ClInclude Include="spdlog\details\log_msg.h">
      <Filter>spdlog\details</Filter>
    </ClInclude>
    <ClInclude Include="spdlog\details\logger_impl.h">
      <Filter>spdlog\details</Filter>
    </ClInclude>
    <ClInclude Include="spdlog\details\mpmc_blocking_q.h">
      <Filter>spdlog\details</Filter>
    </ClInclude>
    <ClInclude Include="spdlog\details\null_mutex.h">
      <Filter>spdlog\details</Filter>
    </ClInclude>
    <ClInclude Include="spdlog\details\os.h">
      <Filter>spdlog\details</Filter>
    </ClInclude>
    <ClInclude Include="spdlog\details\pattern_formatter_impl.h">
      <Filter>spdlog\details</Filter>
    </ClInclude>
    <ClInclude Include="spdlog\details\registry.h">
      <Filter>spdlog\details</Filter>
    </ClInclude>
    <ClInclude Include="spdlog\details\spdlog_impl.h">
      <Filter>spdlog\details</Filter>
    </ClInclude>
    <ClInclude Include="spdlog\fmt\fmt.h">
      <Filter>spdlog\fmt</Filter>
    </ClInclude>
    <ClInclude Include="spdlog\fmt\ostr.h">
      <Filter>spdlog\fmt</Filter>
    </ClInclude>
    <ClInclude Include="spdlog\fmt\bundled\format.h">
      <Filter>spdlog\fmt\bundled</Filter>
    </ClInclude>
    <ClInclude Include="spdlog\fmt\bundled\ostream.h">
      <Filter>spdlog\fmt\bundled</Filter>
    </ClInclude>
    <ClInclude Include="spdlog\fmt\bundled\posix.h">
      <Filter>spdlog\fmt\bundled</Filter>
    </ClInclude>
    <ClInclude Include="spdlog\fmt\bundled\printf.h">
      <Filter>spdlog\fmt\bundled</Filter>
    </ClInclude>
    <ClInclude Include="spdlog\fmt\bundled\time.h">
      <Filter>spdlog\fmt\bundled</Filter>
    </ClInclude>
    <ClInclude Include="spdlog\sinks\android_sink.h">
      <Filter>spdlog\sinks</Filter>
    </ClInclude>
    <ClInclude Include="spdlog\sinks\ansicolor_sink.h">
      <Filter>spdlog\sinks</Filter>
    </ClInclude>
    <ClInclude Include="spdlog\sinks\base_sink.h">
      <Filter>spdlog\sinks</Filter>
    </ClInclude>
    <ClInclude Include="spdlog\sinks\dist_sink.h">
      <Filter>spdlog\sinks</Filter>
    </ClInclude>
    <ClInclude Include="spdlog\sinks\file_sinks.h">
      <Filter>spdlog\sinks</Filter>
    </ClInclude>
    <ClInclude Include="spdlog\sinks\msvc_sink.h">
      <Filter>spdlog\sinks</Filter>
    </ClInclude>
    <ClInclude Include="spdlog\sinks\null_sink.h">
      <Filter>spdlog\sinks</Filter>
    </ClInclude>
    <ClInclude Include="spdlog\sinks\ostream_sink.h">
      <Filter>spdlog\sinks</Filter>
    </ClInclude>
    <ClInclude Include="spdlog\sinks\sink.h">
      <Filter>spdlog\sinks</Filter>
    </ClInclude>
    <ClInclude Include="spdlog\sinks\stdout_sinks.h">
      <Filter>spdlog\sinks</Filter>
    </ClInclude>
    <ClInclude Include="spdlog\sinks\syslog_sink.h">
      <Filter>spdlog\sinks</Filter>
    </ClInclude>
    <ClInclude Include="spdlog\sinks\wincolor_sink.h">
      <Filter>spdlog\sinks</Filter>
    </ClInclude>
    <ClInclude Include="spdlog\sinks\windebug_sink.h">
      <Filter>spdlog\sinks</Filter>
    </ClInclude>
    <ClInclude Include="spdlog\async_logger.h">
      <Filter>spdlog</Filter>
    </ClInclude>
    <ClInclude Include="spdlog\common.h">
      <Filter>spdlog</Filter>
    </ClInclude>
    <ClInclude Include="spdlog\formatter.h">
      <Filter>spdlog</Filter>
    </ClInclude>
    <ClInclude Include="spdlog\logger.h">
      <Filter>spdlog</Filter>
    </ClInclude>
    <ClInclude Include="spdlog\spdlog.h">
      <Filter>spdlog</Filter>
    </ClInclude>
    <ClInclude Include="spdlog\tweakme.h">
      <Filter>spdlog</Filter>
    </ClInclude>
  </ItemGroup>
  <ItemGroup>
    <None Include="spdlog\contrib\README.md">
      <Filter>spdlog\contrib</Filter>
    </None>
    <None Include="spdlog\contrib\sinks\.gitignore">
      <Filter>spdlog\contrib\sinks</Filter>
    </None>
    <None Include="spdlog\fmt\bundled\LICENSE.rst">
      <Filter>spdlog\fmt\bundled</Filter>
    </None>
  </ItemGroup>
</Project>